
Microsoft Visual Studio Solution File, Format Version 12.00
# Visual Studio Version 17
VisualStudioVersion = 17.14.36603.0
MinimumVisualStudioVersion = 10.0.40219.1
Project("{FAE04EC0-301F-11D3-BF4B-00C04F79EFBC}") = "sommaiv2", "sommaiv2\sommaiv2.csproj", "{1EFAED87-C1FB-4080-B3F7-C21EABCAEA21}"
EndProject
Global
	GlobalSection(SolutionConfigurationPlatforms) = preSolution
		Debug|Any CPU = Debug|Any CPU
		Release|Any CPU = Release|Any CPU
	EndGlobalSection
	GlobalSection(ProjectConfigurationPlatforms) = postSolution
		{1EFAED87-C1FB-4080-B3F7-C21EABCAEA21}.Debug|Any CPU.ActiveCfg = Debug|Any CPU
		{1EFAED87-C1FB-4080-B3F7-C21EABCAEA21}.Debug|Any CPU.Build.0 = Debug|Any CPU
		{1EFAED87-C1FB-4080-B3F7-C21EABCAEA21}.Release|Any CPU.ActiveCfg = Release|Any CPU
		{1EFAED87-C1FB-4080-B3F7-C21EABCAEA21}.Release|Any CPU.Build.0 = Release|Any CPU
	EndGlobalSection
	GlobalSection(SolutionProperties) = preSolution
		HideSolutionNode = FALSE
	EndGlobalSection
	GlobalSection(ExtensibilityGlobals) = postSolution
		SolutionGuid = {659C4187-B8A2-48A3-B956-F703DD95DFBB}
	EndGlobalSection
EndGlobal
